
Microsoft Visual Studio Solution File, Format Version 12.00
# Visual Studio 15
VisualStudioVersion = 15.0.28307.705
MinimumVisualStudioVersion = 10.0.40219.1
Project("{FAE04EC0-301F-11D3-BF4B-00C04F79EFBC}") = "Demo.Contracts", "Demo.Contracts\Demo.Contracts.csproj", "{476CB6FA-60A1-4A6A-890E-956F8F385E83}"
EndProject
Project("{FAE04EC0-301F-11D3-BF4B-00C04F79EFBC}") = "Demo.ConsoleEXEFwk", "Demo.ConsoleEXEFwk\Demo.ConsoleEXEFwk.csproj", "{3A5664F9-EF22-4733-B9A5-711832B4FA1F}"
EndProject
Project("{FAE04EC0-301F-11D3-BF4B-00C04F79EFBC}") = "Demo.Plugin.NetStd", "Demo.Plugin.NetStd\Demo.Plugin.NetStd.csproj", "{DCB68DBD-5342-4945-A309-40B98EBAADB2}"
EndProject
Project("{FAE04EC0-301F-11D3-BF4B-00C04F79EFBC}") = "Demo.Plugin.NetFwk", "Demo.Plugin.NetFwk\Demo.Plugin.NetFwk.csproj", "{4CA027E9-96DC-43A4-A90F-3D5EDA2CCA52}"
EndProject
Project("{2150E333-8FDC-42A3-9474-1A3956D46DE8}") = "Solution Items", "Solution Items", "{72D1B6CF-4EF5-4CE8-87DA-888BCE096F32}"
	ProjectSection(SolutionItems) = preProject
		CopyPlugin.bat = CopyPlugin.bat
	EndProjectSection
EndProject
Global
	GlobalSection(SolutionConfigurationPlatforms) = preSolution
		Debug|Any CPU = Debug|Any CPU
		Release|Any CPU = Release|Any CPU
	EndGlobalSection
	GlobalSection(ProjectConfigurationPlatforms) = postSolution
		{476CB6FA-60A1-4A6A-890E-956F8F385E83}.Debug|Any CPU.ActiveCfg = Debug|Any CPU
		{476CB6FA-60A1-4A6A-890E-956F8F385E83}.Debug|Any CPU.Build.0 = Debug|Any CPU
		{476CB6FA-60A1-4A6A-890E-956F8F385E83}.Release|Any CPU.ActiveCfg = Release|Any CPU
		{476CB6FA-60A1-4A6A-890E-956F8F385E83}.Release|Any CPU.Build.0 = Release|Any CPU
		{3A5664F9-EF22-4733-B9A5-711832B4FA1F}.Debug|Any CPU.ActiveCfg = Debug|Any CPU
		{3A5664F9-EF22-4733-B9A5-711832B4FA1F}.Debug|Any CPU.Build.0 = Debug|Any CPU
		{3A5664F9-EF22-4733-B9A5-711832B4FA1F}.Release|Any CPU.ActiveCfg = Release|Any CPU
		{3A5664F9-EF22-4733-B9A5-711832B4FA1F}.Release|Any CPU.Build.0 = Release|Any CPU
		{DCB68DBD-5342-4945-A309-40B98EBAADB2}.Debug|Any CPU.ActiveCfg = Debug|Any CPU
		{DCB68DBD-5342-4945-A309-40B98EBAADB2}.Debug|Any CPU.Build.0 = Debug|Any CPU
		{DCB68DBD-5342-4945-A309-40B98EBAADB2}.Release|Any CPU.ActiveCfg = Release|Any CPU
		{DCB68DBD-5342-4945-A309-40B98EBAADB2}.Release|Any CPU.Build.0 = Release|Any CPU
		{4CA027E9-96DC-43A4-A90F-3D5EDA2CCA52}.Debug|Any CPU.ActiveCfg = Debug|Any CPU
		{4CA027E9-96DC-43A4-A90F-3D5EDA2CCA52}.Debug|Any CPU.Build.0 = Debug|Any CPU
		{4CA027E9-96DC-43A4-A90F-3D5EDA2CCA52}.Release|Any CPU.ActiveCfg = Release|Any CPU
		{4CA027E9-96DC-43A4-A90F-3D5EDA2CCA52}.Release|Any CPU.Build.0 = Release|Any CPU
	EndGlobalSection
	GlobalSection(SolutionProperties) = preSolution
		HideSolutionNode = FALSE
	EndGlobalSection
	GlobalSection(ExtensibilityGlobals) = postSolution
		SolutionGuid = {1605D147-3748-4191-9F85-7D6FEE77CC7D}
	EndGlobalSection
EndGlobal
